
Microsoft Visual Studio Solution File, Format Version 12.00
# Visual Studio Version 17
VisualStudioVersion = 17.7.34003.232
MinimumVisualStudioVersion = 10.0.40219.1
Project("{FAE04EC0-301F-11D3-BF4B-00C04F79EFBC}") = "TestServer2", "TestServer2\TestServer2.csproj", "{41FC158A-2AD6-4F88-91E4-1791F644319F}"
EndProject
Project("{2150E333-8FDC-42A3-9474-1A3956D46DE8}") = "Элементы решения", "Элементы решения", "{2F121AD6-E880-46AD-A31F-CD450E91809B}"
	ProjectSection(SolutionItems) = preProject
		..\..\TestKot\MainWindow.xaml = ..\..\TestKot\MainWindow.xaml
	EndProjectSection
EndProject
Global
	GlobalSection(SolutionConfigurationPlatforms) = preSolution
		Debug|Any CPU = Debug|Any CPU
		Release|Any CPU = Release|Any CPU
	EndGlobalSection
	GlobalSection(ProjectConfigurationPlatforms) = postSolution
		{41FC158A-2AD6-4F88-91E4-1791F644319F}.Debug|Any CPU.ActiveCfg = Debug|Any CPU
		{41FC158A-2AD6-4F88-91E4-1791F644319F}.Debug|Any CPU.Build.0 = Debug|Any CPU
		{41FC158A-2AD6-4F88-91E4-1791F644319F}.Release|Any CPU.ActiveCfg = Release|Any CPU
		{41FC158A-2AD6-4F88-91E4-1791F644319F}.Release|Any CPU.Build.0 = Release|Any CPU
	EndGlobalSection
	GlobalSection(SolutionProperties) = preSolution
		HideSolutionNode = FALSE
	EndGlobalSection
	GlobalSection(ExtensibilityGlobals) = postSolution
		SolutionGuid = {1CC7C589-3A6C-4773-ACDE-90307EC01668}
	EndGlobalSection
EndGlobal
